// !$*UTF8*$!
{
	archiveVersion = 1;
	classes = {
	};
	objectVersion = 46;
	objects = {

/* Begin PBXBuildFile section */
		3502319B1CF4A55E0050D992 /* AppDelegate.swift in Sources */ = {isa = PBXBuildFile; fileRef = 3502319A1CF4A55E0050D992 /* AppDelegate.swift */; };
		3502319D1CF4A55E0050D992 /* ViewController.swift in Sources */ = {isa = PBXBuildFile; fileRef = 3502319C1CF4A55E0050D992 /* ViewController.swift */; };
		3502319F1CF4A55E0050D992 /* Assets.xcassets in Resources */ = {isa = PBXBuildFile; fileRef = 3502319E1CF4A55E0050D992 /* Assets.xcassets */; };
		350231A21CF4A55E0050D992 /* Main.storyboard in Resources */ = {isa = PBXBuildFile; fileRef = 350231A01CF4A55E0050D992 /* Main.storyboard */; };
/* End PBXBuildFile section */

/* Begin PBXFileReference section */
		350231971CF4A55E0050D992 /* MonteCarloPi.app */ = {isa = PBXFileReference; explicitFileType = wrapper.application; includeInIndex = 0; path = MonteCarloPi.app; sourceTree = BUILT_PRODUCTS_DIR; };
		3502319A1CF4A55E0050D992 /* AppDelegate.swift */ = {isa = PBXFileReference; lastKnownFileType = sourcecode.swift; path = AppDelegate.swift; sourceTree = "<group>"; };
		3502319C1CF4A55E0050D992 /* ViewController.swift */ = {isa = PBXFileReference; lastKnownFileType = sourcecode.swift; path = ViewController.swift; sourceTree = "<group>"; };
		3502319E1CF4A55E0050D992 /* Assets.xcassets */ = {isa = PBXFileReference; lastKnownFileType = folder.assetcatalog; path = Assets.xcassets; sourceTree = "<group>"; };
		350231A11CF4A55E0050D992 /* Base */ = {isa = PBXFileReference; lastKnownFileType = file.storyboard; name = Base; path = Base.lproj/Main.storyboard; sourceTree = "<group>"; };
		350231A31CF4A55E0050D992 /* Info.plist */ = {isa = PBXFileReference; lastKnownFileType = text.plist.xml; path = Info.plist; sourceTree = "<group>"; };
/* End PBXFileReference section */

/* Begin PBXFrameworksBuildPhase section */
		350231941CF4A55E0050D992 /* Frameworks */ = {
			isa = PBXFrameworksBuildPhase;
			buildActionMask = 2147483647;
			files = (
			);
			runOnlyForDeploymentPostprocessing = 0;
		};
/* End PBXFrameworksBuildPhase section */

/* Begin PBXGroup section */
		3502318E1CF4A55D0050D992 = {
			isa = PBXGroup;
			children = (
				350231991CF4A55E0050D992 /* MonteCarloPi */,
				350231981CF4A55E0050D992 /* Products */,
			);
			sourceTree = "<group>";
		};
		350231981CF4A55E0050D992 /* Products */ = {
			isa = PBXGroup;
			children = (
				350231971CF4A55E0050D992 /* MonteCarloPi.app */,
			);
			name = Products;
			sourceTree = "<group>";
		};
		350231991CF4A55E0050D992 /* MonteCarloPi */ = {
			isa = PBXGroup;
			children = (
				3502319A1CF4A55E0050D992 /* AppDelegate.swift */,
				3502319C1CF4A55E0050D992 /* ViewController.swift */,
				3502319E1CF4A55E0050D992 /* Assets.xcassets */,
				350231A01CF4A55E0050D992 /* Main.storyboard */,
				350231A31CF4A55E0050D992 /* Info.plist */,
			);
			path = MonteCarloPi;
			sourceTree = "<group>";
		};
/* End PBXGroup section */

/* Begin PBXNativeTarget section */
		350231961CF4A55E0050D992 /* MonteCarloPi */ = {
			isa = PBXNativeTarget;
			buildConfigurationList = 350231A61CF4A55E0050D992 /* Build configuration list for PBXNativeTarget "MonteCarloPi" */;
			buildPhases = (
				350231931CF4A55E0050D992 /* Sources */,
				350231941CF4A55E0050D992 /* Frameworks */,
				350231951CF4A55E0050D992 /* Resources */,
			);
			buildRules = (
			);
			dependencies = (
			);
			name = MonteCarloPi;
			productName = MonteCarloPi;
			productReference = 350231971CF4A55E0050D992 /* MonteCarloPi.app */;
			productType = "com.apple.product-type.application";
		};
/* End PBXNativeTarget section */

/* Begin PBXProject section */
		3502318F1CF4A55D0050D992 /* Project object */ = {
			isa = PBXProject;
			attributes = {
				LastSwiftUpdateCheck = 0730;
				LastUpgradeCheck = 0730;
				ORGANIZATIONNAME = HaNoHito;
				TargetAttributes = {
					350231961CF4A55E0050D992 = {
						CreatedOnToolsVersion = 7.3.1;
					};
				};
			};
			buildConfigurationList = 350231921CF4A55D0050D992 /* Build configuration list for PBXProject "MonteCarloPi" */;
			compatibilityVersion = "Xcode 3.2";
			developmentRegion = English;
			hasScannedForEncodings = 0;
			knownRegions = (
				en,
				Base,
			);
			mainGroup = 3502318E1CF4A55D0050D992;
			productRefGroup = 350231981CF4A55E0050D992 /* Products */;
			projectDirPath = "";
			projectRoot = "";
			targets = (
				350231961CF4A55E0050D992 /* MonteCarloPi */,
			);
		};
/* End PBXProject section */

/* Begin PBXResourcesBuildPhase section */
		350231951CF4A55E0050D992 /* Resources */ = {
			isa = PBXResourcesBuildPhase;
			buildActionMask = 2147483647;
			files = (
				3502319F1CF4A55E0050D992 /* Assets.xcassets in Resources */,
				350231A21CF4A55E0050D992 /* Main.storyboard in Resources */,
			);
			runOnlyForDeploymentPostprocessing = 0;
		};
/* End PBXResourcesBuildPhase section */

/* Begin PBXSourcesBuildPhase section */
		350231931CF4A55E0050D992 /* Sources */ = {
			isa = PBXSourcesBuildPhase;
			buildActionMask = 2147483647;
			files = (
				3502319D1CF4A55E0050D992 /* ViewController.swift in Sources */,
				3502319B1CF4A55E0050D992 /* AppDelegate.swift in Sources */,
			);
			runOnlyForDeploymentPostprocessing = 0;
		};
/* End PBXSourcesBuildPhase section */

/* Begin PBXVariantGroup section */
		350231A01CF4A55E0050D992 /* Main.storyboard */ = {
			isa = PBXVariantGroup;
			children = (
				350231A11CF4A55E0050D992 /* Base */,
			);
			name = Main.storyboard;
			sourceTree = "<group>";
		};
/* End PBXVariantGroup section */

/* Begin XCBuildConfiguration section */
		350231A41CF4A55E0050D992 /* Debug */ = {
			isa = XCBuildConfiguration;
			buildSettings = {
				ALWAYS_SEARCH_USER_PATHS = NO;
				CLANG_ANALYZER_NONNULL = YES;
				CLANG_CXX_LANGUAGE_STANDARD = "gnu++0x";
				CLANG_CXX_LIBRARY = "libc++";
				CLANG_ENABLE_MODULES = YES;
				CLANG_ENABLE_OBJC_ARC = YES;
				CLANG_WARN_BOOL_CONVERSION = YES;
				CLANG_WARN_CONSTANT_CONVERSION = YES;
				CLANG_WARN_DIRECT_OBJC_ISA_USAGE = YES_ERROR;
				CLANG_WARN_EMPTY_BODY = YES;
				CLANG_WARN_ENUM_CONVERSION = YES;
				CLANG_WARN_INT_CONVERSION = YES;
				CLANG_WARN_OBJC_ROOT_CLASS = YES_ERROR;
				CLANG_WARN_UNREACHABLE_CODE = YES;
				CLANG_WARN__DUPLICATE_METHOD_MATCH = YES;
				CODE_SIGN_IDENTITY = "-";
				COPY_PHASE_STRIP = NO;
				DEBUG_INFORMATION_FORMAT = dwarf;
				ENABLE_STRICT_OBJC_MSGSEND = YES;
				ENABLE_TESTABILITY = YES;
				GCC_C_LANGUAGE_STANDARD = gnu99;
				GCC_DYNAMIC_NO_PIC = NO;
				GCC_NO_COMMON_BLOCKS = YES;
				GCC_OPTIMIZATION_LEVEL = 0;
				GCC_PREPROCESSOR_DEFINITIONS = (
					"DEBUG=1",
					"$(inherited)",
				);
				GCC_WARN_64_TO_32_BIT_CONVERSION = YES;
				GCC_WARN_ABOUT_RETURN_TYPE = YES_ERROR;
				GCC_WARN_UNDECLARED_SELECTOR = YES;
				GCC_WARN_UNINITIALIZED_AUTOS = YES_AGGRESSIVE;
				GCC_WARN_UNUSED_FUNCTION = YES;
				GCC_WARN_UNUSED_VARIABLE = YES;
				MACOSX_DEPLOYMENT_TARGET = 10.11;
				MTL_ENABLE_DEBUG_INFO = YES;
				ONLY_ACTIVE_ARCH = YES;
				SDKROOT = macosx;
				SWIFT_OPTIMIZATION_LEVEL = "-Onone";
			};
			name = Debug;
		};
		350231A51CF4A55E0050D992 /* Release */ = {
			isa = XCBuildConfiguration;
			buildSettings = {
				ALWAYS_SEARCH_USER_PATHS = NO;
				CLANG_ANALYZER_NONNULL = YES;
				CLANG_CXX_LANGUAGE_STANDARD = "gnu++0x";
				CLANG_CXX_LIBRARY = "libc++";
				CLANG_ENABLE_MODULES = YES;
				CLANG_ENABLE_OBJC_ARC = YES;
				CLANG_WARN_BOOL_CONVERSION = YES;
				CLANG_WARN_CONSTANT_CONVERSION = YES;
				CLANG_WARN_DIRECT_OBJC_ISA_USAGE = YES_ERROR;
				CLANG_WARN_EMPTY_BODY = YES;
				CLANG_WARN_ENUM_CONVERSION = YES;
				CLANG_WARN_INT_CONVERSION = YES;
				CLANG_WARN_OBJC_ROOT_CLASS = YES_ERROR;
				CLANG_WARN_UNREACHABLE_CODE = YES;
				CLANG_WARN__DUPLICATE_METHOD_MATCH = YES;
				CODE_SIGN_IDENTITY = "-";
				COPY_PHASE_STRIP = NO;
				DEBUG_INFORMATION_FORMAT = "dwarf-with-dsym";
				ENABLE_NS_ASSERTIONS = NO;
				ENABLE_STRICT_OBJC_MSGSEND = YES;
				GCC_C_LANGUAGE_STANDARD = gnu99;
				GCC_NO_COMMON_BLOCKS = YES;
				GCC_WARN_64_TO_32_BIT_CONVERSION = YES;
				GCC_WARN_ABOUT_RETURN_TYPE = YES_ERROR;
				GCC_WARN_UNDECLARED_SELECTOR = YES;
				GCC_WARN_UNINITIALIZED_AUTOS = YES_AGGRESSIVE;
				GCC_WARN_UNUSED_FUNCTION = YES;
				GCC_WARN_UNUSED_VARIABLE = YES;
				MACOSX_DEPLOYMENT_TARGET = 10.11;
				MTL_ENABLE_DEBUG_INFO = NO;
				SDKROOT = macosx;
			};
			name = Release;
		};
		350231A71CF4A55E0050D992 /* Debug */ = {
			isa = XCBuildConfiguration;
			buildSettings = {
				ASSETCATALOG_COMPILER_APPICON_NAME = AppIcon;
				COMBINE_HIDPI_IMAGES = YES;
				INFOPLIST_FILE = MonteCarloPi/Info.plist;
				LD_RUNPATH_SEARCH_PATHS = "$(inherited) @executable_path/../Frameworks";
				PRODUCT_BUNDLE_IDENTIFIER = com.example.MonteCarloPi;
				PRODUCT_NAME = "$(TARGET_NAME)";
			};
			name = Debug;
		};
		350231A81CF4A55E0050D992 /* Release */ = {
			isa = XCBuildConfiguration;
			buildSettings = {
				ASSETCATALOG_COMPILER_APPICON_NAME = AppIcon;
				COMBINE_HIDPI_IMAGES = YES;
				INFOPLIST_FILE = MonteCarloPi/Info.plist;
				LD_RUNPATH_SEARCH_PATHS = "$(inherited) @executable_path/../Frameworks";
				PRODUCT_BUNDLE_IDENTIFIER = com.example.MonteCarloPi;
				PRODUCT_NAME = "$(TARGET_NAME)";
			};
			name = Release;
		};
/* End XCBuildConfiguration section */

/* Begin XCConfigurationList section */
		350231921CF4A55D0050D992 /* Build configuration list for PBXProject "MonteCarloPi" */ = {
			isa = XCConfigurationList;
			buildConfigurations = (
				350231A41CF4A55E0050D992 /* Debug */,
				350231A51CF4A55E0050D992 /* Release */,
			);
			defaultConfigurationIsVisible = 0;
			defaultConfigurationName = Release;
		};
		350231A61CF4A55E0050D992 /* Build configuration list for PBXNativeTarget "MonteCarloPi" */ = {
			isa = XCConfigurationList;
			buildConfigurations = (
				350231A71CF4A55E0050D992 /* Debug */,
				350231A81CF4A55E0050D992 /* Release */,
			);
			defaultConfigurationIsVisible = 0;
		};
/* End XCConfigurationList section */
	};
	rootObject = 3502318F1CF4A55D0050D992 /* Project object */;
}
